Microsoft Visual Studio Solution File, Format Version 12.00
# Visual Studio Version 17
VisualStudioVersion = 17.6.33723.286
MinimumVisualStudioVersion = 10.0.40219.1
Project("{9A19103F-16F7-4668-BE54-9A1E7A4F7556}") = "StatusLimitAtPeace", "StatusLimitAtPeace\StatusLimitAtPeace.csproj", "{C3301642-E7A9-4D73-A848-24363926AAE0}"
EndProject
Global
	GlobalSection(SolutionConfigurationPlatforms) = preSolution
		Debug|Any CPU = Debug|Any CPU
		Release|Any CPU = Release|Any CPU
	EndGlobalSection
	GlobalSection(ProjectConfigurationPlatforms) = postSolution
		{C3301642-E7A9-4D73-A848-24363926AAE0}.Debug|Any CPU.ActiveCfg = Debug|Any CPU
		{C3301642-E7A9-4D73-A848-24363926AAE0}.Debug|Any CPU.Build.0 = Debug|Any CPU
		{C3301642-E7A9-4D73-A848-24363926AAE0}.Release|Any CPU.ActiveCfg = Release|Any CPU
		{C3301642-E7A9-4D73-A848-24363926AAE0}.Release|Any CPU.Build.0 = Release|Any CPU
	EndGlobalSection
	GlobalSection(SolutionProperties) = preSolution
		HideSolutionNode = FALSE
	EndGlobalSection
	GlobalSection(ExtensibilityGlobals) = postSolution
		SolutionGuid = {544cdd17-f925-49fb-bab5-4e1ac20360c2}
	EndGlobalSection
EndGlobal
